
Microsoft Visual Studio Solution File, Format Version 12.00
# Visual Studio Version 16
VisualStudioVersion = 16.0.29613.14
MinimumVisualStudioVersion = 10.0.40219.1
Project("{FAE04EC0-301F-11D3-BF4B-00C04F79EFBC}") = "GitHubReleaseDownloadProtoConsoleUI", "GitHubReleaseDownloadProtoConsoleUI\GitHubReleaseDownloadProtoConsoleUI.csproj", "{C0BBB4DA-3390-44C5-88ED-C861D3FDB2CF}"
EndProject
Project("{9A19103F-16F7-4668-BE54-9A1E7A4F7556}") = "Octokit", "..\..\octokit.net\Octokit\Octokit.csproj", "{DFD10152-89FC-4B5D-BF57-986D3820BD7A}"
EndProject
Global
	GlobalSection(SolutionConfigurationPlatforms) = preSolution
		Debug|Any CPU = Debug|Any CPU
		Release|Any CPU = Release|Any CPU
	EndGlobalSection
	GlobalSection(ProjectConfigurationPlatforms) = postSolution
		{C0BBB4DA-3390-44C5-88ED-C861D3FDB2CF}.Debug|Any CPU.ActiveCfg = Debug|Any CPU
		{C0BBB4DA-3390-44C5-88ED-C861D3FDB2CF}.Debug|Any CPU.Build.0 = Debug|Any CPU
		{C0BBB4DA-3390-44C5-88ED-C861D3FDB2CF}.Release|Any CPU.ActiveCfg = Release|Any CPU
		{C0BBB4DA-3390-44C5-88ED-C861D3FDB2CF}.Release|Any CPU.Build.0 = Release|Any CPU
		{DFD10152-89FC-4B5D-BF57-986D3820BD7A}.Debug|Any CPU.ActiveCfg = Debug|Any CPU
		{DFD10152-89FC-4B5D-BF57-986D3820BD7A}.Debug|Any CPU.Build.0 = Debug|Any CPU
		{DFD10152-89FC-4B5D-BF57-986D3820BD7A}.Release|Any CPU.ActiveCfg = Release|Any CPU
		{DFD10152-89FC-4B5D-BF57-986D3820BD7A}.Release|Any CPU.Build.0 = Release|Any CPU
	EndGlobalSection
	GlobalSection(SolutionProperties) = preSolution
		HideSolutionNode = FALSE
	EndGlobalSection
	GlobalSection(ExtensibilityGlobals) = postSolution
		SolutionGuid = {88A165DF-4A8A-498F-B065-51C306977CD8}
	EndGlobalSection
EndGlobal
